// !$*UTF8*$!
{
	archiveVersion = 1;
	classes = {
	};
	objectVersion = 56;
	objects = {

/* Begin PBXBuildFile section */
		363E1E942AAB2B2200B54352 /* HexagonParams.swift in Sources */ = {isa = PBXBuildFile; fileRef = 363E1E932AAB2B2200B54352 /* HexagonParams.swift */; };
		363E1E982AAB2CFC00B54352 /* BadgeBackgroundView.swift in Sources */ = {isa = PBXBuildFile; fileRef = 363E1E972AAB2CFC00B54352 /* BadgeBackgroundView.swift */; };
		363E1E9A2AAB4F9800B54352 /* BageSymbol.swift in Sources */ = {isa = PBXBuildFile; fileRef = 363E1E992AAB4F9800B54352 /* BageSymbol.swift */; };
		363E1E9C2AAB513E00B54352 /* RotateBageView.swift in Sources */ = {isa = PBXBuildFile; fileRef = 363E1E9B2AAB513E00B54352 /* RotateBageView.swift */; };
		363E1E9E2AAB51F300B54352 /* Badge.swift in Sources */ = {isa = PBXBuildFile; fileRef = 363E1E9D2AAB51F300B54352 /* Badge.swift */; };
		3643B9D12AA5E59200A46247 /* SwiftUIExampleApp.swift in Sources */ = {isa = PBXBuildFile; fileRef = 3643B9D02AA5E59200A46247 /* SwiftUIExampleApp.swift */; };
		3643B9D32AA5E59200A46247 /* ContentView.swift in Sources */ = {isa = PBXBuildFile; fileRef = 3643B9D22AA5E59200A46247 /* ContentView.swift */; };
		3643B9D52AA5E59400A46247 /* Assets.xcassets in Resources */ = {isa = PBXBuildFile; fileRef = 3643B9D42AA5E59400A46247 /* Assets.xcassets */; };
		3643B9D82AA5E59400A46247 /* Preview Assets.xcassets in Resources */ = {isa = PBXBuildFile; fileRef = 3643B9D72AA5E59400A46247 /* Preview Assets.xcassets */; };
		3643B9E02AA5E5CE00A46247 /* CircleImage.swift in Sources */ = {isa = PBXBuildFile; fileRef = 3643B9DF2AA5E5CE00A46247 /* CircleImage.swift */; };
		3643B9E22AA5E64500A46247 /* MapView.swift in Sources */ = {isa = PBXBuildFile; fileRef = 3643B9E12AA5E64500A46247 /* MapView.swift */; };
		3643B9E52AA5E89100A46247 /* landmarkData.json in Resources */ = {isa = PBXBuildFile; fileRef = 3643B9E42AA5E89100A46247 /* landmarkData.json */; };
		3643B9E82AA5E91C00A46247 /* Landmark.swift in Sources */ = {isa = PBXBuildFile; fileRef = 3643B9E72AA5E91C00A46247 /* Landmark.swift */; };
		3643B9EA2AA60CE700A46247 /* ModelData.swift in Sources */ = {isa = PBXBuildFile; fileRef = 3643B9E92AA60CE700A46247 /* ModelData.swift */; };
		3643B9EC2AA6137C00A46247 /* LandmarkRowView.swift in Sources */ = {isa = PBXBuildFile; fileRef = 3643B9EB2AA6137C00A46247 /* LandmarkRowView.swift */; };
		3643B9EE2AA618DE00A46247 /* LandmarkList.swift in Sources */ = {isa = PBXBuildFile; fileRef = 3643B9ED2AA618DE00A46247 /* LandmarkList.swift */; };
		36C1E2862AA6331300066B8D /* LandmarkDetailView.swift in Sources */ = {isa = PBXBuildFile; fileRef = 36C1E2852AA6331300066B8D /* LandmarkDetailView.swift */; };
		36C1E2B02AA759C600066B8D /* FavoriteButton.swift in Sources */ = {isa = PBXBuildFile; fileRef = 36C1E2AF2AA759C600066B8D /* FavoriteButton.swift */; };
		36C1E2B42AA7611500066B8D /* LoaderView.swift in Sources */ = {isa = PBXBuildFile; fileRef = 36C1E2B32AA7611500066B8D /* LoaderView.swift */; };
/* End PBXBuildFile section */

/* Begin PBXFileReference section */
		363E1E932AAB2B2200B54352 /* HexagonParams.swift */ = {isa = PBXFileReference; lastKnownFileType = sourcecode.swift; path = HexagonParams.swift; sourceTree = "<group>"; };
		363E1E972AAB2CFC00B54352 /* BadgeBackgroundView.swift */ = {isa = PBXFileReference; lastKnownFileType = sourcecode.swift; path = BadgeBackgroundView.swift; sourceTree = "<group>"; };
		363E1E992AAB4F9800B54352 /* BageSymbol.swift */ = {isa = PBXFileReference; lastKnownFileType = sourcecode.swift; path = BageSymbol.swift; sourceTree = "<group>"; };
		363E1E9B2AAB513E00B54352 /* RotateBageView.swift */ = {isa = PBXFileReference; lastKnownFileType = sourcecode.swift; path = RotateBageView.swift; sourceTree = "<group>"; };
		363E1E9D2AAB51F300B54352 /* Badge.swift */ = {isa = PBXFileReference; lastKnownFileType = sourcecode.swift; path = Badge.swift; sourceTree = "<group>"; };
		3643B9CD2AA5E59200A46247 /* SwiftUIExample.app */ = {isa = PBXFileReference; explicitFileType = wrapper.application; includeInIndex = 0; path = SwiftUIExample.app; sourceTree = BUILT_PRODUCTS_DIR; };
		3643B9D02AA5E59200A46247 /* SwiftUIExampleApp.swift */ = {isa = PBXFileReference; lastKnownFileType = sourcecode.swift; path = SwiftUIExampleApp.swift; sourceTree = "<group>"; };
		3643B9D22AA5E59200A46247 /* ContentView.swift */ = {isa = PBXFileReference; lastKnownFileType = sourcecode.swift; path = ContentView.swift; sourceTree = "<group>"; };
		3643B9D42AA5E59400A46247 /* Assets.xcassets */ = {isa = PBXFileReference; lastKnownFileType = folder.assetcatalog; path = Assets.xcassets; sourceTree = "<group>"; };
		3643B9D72AA5E59400A46247 /* Preview Assets.xcassets */ = {isa = PBXFileReference; lastKnownFileType = folder.assetcatalog; path = "Preview Assets.xcassets"; sourceTree = "<group>"; };
		3643B9DF2AA5E5CE00A46247 /* CircleImage.swift */ = {isa = PBXFileReference; lastKnownFileType = sourcecode.swift; path = CircleImage.swift; sourceTree = "<group>"; };
		3643B9E12AA5E64500A46247 /* MapView.swift */ = {isa = PBXFileReference; lastKnownFileType = sourcecode.swift; path = MapView.swift; sourceTree = "<group>"; };
		3643B9E42AA5E89100A46247 /* landmarkData.json */ = {isa = PBXFileReference; fileEncoding = 4; lastKnownFileType = text.json; path = landmarkData.json; sourceTree = "<group>"; };
		3643B9E72AA5E91C00A46247 /* Landmark.swift */ = {isa = PBXFileReference; lastKnownFileType = sourcecode.swift; path = Landmark.swift; sourceTree = "<group>"; };
		3643B9E92AA60CE700A46247 /* ModelData.swift */ = {isa = PBXFileReference; lastKnownFileType = sourcecode.swift; path = ModelData.swift; sourceTree = "<group>"; };
		3643B9EB2AA6137C00A46247 /* LandmarkRowView.swift */ = {isa = PBXFileReference; lastKnownFileType = sourcecode.swift; path = LandmarkRowView.swift; sourceTree = "<group>"; };
		3643B9ED2AA618DE00A46247 /* LandmarkList.swift */ = {isa = PBXFileReference; lastKnownFileType = sourcecode.swift; path = LandmarkList.swift; sourceTree = "<group>"; };
		36C1E2852AA6331300066B8D /* LandmarkDetailView.swift */ = {isa = PBXFileReference; lastKnownFileType = sourcecode.swift; path = LandmarkDetailView.swift; sourceTree = "<group>"; };
		36C1E2AF2AA759C600066B8D /* FavoriteButton.swift */ = {isa = PBXFileReference; lastKnownFileType = sourcecode.swift; path = FavoriteButton.swift; sourceTree = "<group>"; };
		36C1E2B32AA7611500066B8D /* LoaderView.swift */ = {isa = PBXFileReference; lastKnownFileType = sourcecode.swift; path = LoaderView.swift; sourceTree = "<group>"; };
/* End PBXFileReference section */

/* Begin PBXFrameworksBuildPhase section */
		3643B9CA2AA5E59200A46247 /* Frameworks */ = {
			isa = PBXFrameworksBuildPhase;
			buildActionMask = 2147483647;
			files = (
			);
			runOnlyForDeploymentPostprocessing = 0;
		};
/* End PBXFrameworksBuildPhase section */

/* Begin PBXGroup section */
		363E1EA12AAB5E2200B54352 /* Badge */ = {
			isa = PBXGroup;
			children = (
				363E1E932AAB2B2200B54352 /* HexagonParams.swift */,
				363E1E972AAB2CFC00B54352 /* BadgeBackgroundView.swift */,
				363E1E992AAB4F9800B54352 /* BageSymbol.swift */,
				363E1E9B2AAB513E00B54352 /* RotateBageView.swift */,
				363E1E9D2AAB51F300B54352 /* Badge.swift */,
			);
			path = Badge;
			sourceTree = "<group>";
		};
		3643B9C42AA5E59200A46247 = {
			isa = PBXGroup;
			children = (
				3643B9CF2AA5E59200A46247 /* SwiftUIExample */,
				3643B9CE2AA5E59200A46247 /* Products */,
			);
			sourceTree = "<group>";
		};
		3643B9CE2AA5E59200A46247 /* Products */ = {
			isa = PBXGroup;
			children = (
				3643B9CD2AA5E59200A46247 /* SwiftUIExample.app */,
			);
			name = Products;
			sourceTree = "<group>";
		};
		3643B9CF2AA5E59200A46247 /* SwiftUIExample */ = {
			isa = PBXGroup;
			children = (
				3643B9E62AA5E91600A46247 /* Model */,
				3643B9E32AA5E86400A46247 /* Resources */,
				3643B9DE2AA5E5B600A46247 /* Views */,
				3643B9D02AA5E59200A46247 /* SwiftUIExampleApp.swift */,
				3643B9D42AA5E59400A46247 /* Assets.xcassets */,
				3643B9D62AA5E59400A46247 /* Preview Content */,
			);
			path = SwiftUIExample;
			sourceTree = "<group>";
		};
		3643B9D62AA5E59400A46247 /* Preview Content */ = {
			isa = PBXGroup;
			children = (
				3643B9D72AA5E59400A46247 /* Preview Assets.xcassets */,
			);
			path = "Preview Content";
			sourceTree = "<group>";
		};
		3643B9DE2AA5E5B600A46247 /* Views */ = {
			isa = PBXGroup;
			children = (
				3643B9D22AA5E59200A46247 /* ContentView.swift */,
				36C1E2B22AA75CF300066B8D /* Helpers */,
				36C1E2B12AA75CDD00066B8D /* Landmarks */,
			);
			path = Views;
			sourceTree = "<group>";
		};
		3643B9E32AA5E86400A46247 /* Resources */ = {
			isa = PBXGroup;
			children = (
				3643B9E42AA5E89100A46247 /* landmarkData.json */,
			);
			path = Resources;
			sourceTree = "<group>";
		};
		3643B9E62AA5E91600A46247 /* Model */ = {
			isa = PBXGroup;
			children = (
				3643B9E72AA5E91C00A46247 /* Landmark.swift */,
				3643B9E92AA60CE700A46247 /* ModelData.swift */,
			);
			path = Model;
			sourceTree = "<group>";
		};
		36C1E2B12AA75CDD00066B8D /* Landmarks */ = {
			isa = PBXGroup;
			children = (
				3643B9ED2AA618DE00A46247 /* LandmarkList.swift */,
				36C1E2852AA6331300066B8D /* LandmarkDetailView.swift */,
				3643B9EB2AA6137C00A46247 /* LandmarkRowView.swift */,
			);
			path = Landmarks;
			sourceTree = "<group>";
		};
		36C1E2B22AA75CF300066B8D /* Helpers */ = {
			isa = PBXGroup;
			children = (
				3643B9DF2AA5E5CE00A46247 /* CircleImage.swift */,
				3643B9E12AA5E64500A46247 /* MapView.swift */,
				36C1E2AF2AA759C600066B8D /* FavoriteButton.swift */,
				36C1E2B32AA7611500066B8D /* LoaderView.swift */,
				363E1EA12AAB5E2200B54352 /* Badge */,
			);
			path = Helpers;
			sourceTree = "<group>";
		};
/* End PBXGroup section */

/* Begin PBXNativeTarget section */
		3643B9CC2AA5E59200A46247 /* SwiftUIExample */ = {
			isa = PBXNativeTarget;
			buildConfigurationList = 3643B9DB2AA5E59400A46247 /* Build configuration list for PBXNativeTarget "SwiftUIExample" */;
			buildPhases = (
				3643B9C92AA5E59200A46247 /* Sources */,
				3643B9CA2AA5E59200A46247 /* Frameworks */,
				3643B9CB2AA5E59200A46247 /* Resources */,
			);
			buildRules = (
			);
			dependencies = (
			);
			name = SwiftUIExample;
			productName = SwiftUIExample;
			productReference = 3643B9CD2AA5E59200A46247 /* SwiftUIExample.app */;
			productType = "com.apple.product-type.application";
		};
/* End PBXNativeTarget section */

/* Begin PBXProject section */
		3643B9C52AA5E59200A46247 /* Project object */ = {
			isa = PBXProject;
			attributes = {
				BuildIndependentTargetsInParallel = 1;
				LastSwiftUpdateCheck = 1430;
				LastUpgradeCheck = 1430;
				TargetAttributes = {
					3643B9CC2AA5E59200A46247 = {
						CreatedOnToolsVersion = 14.3.1;
					};
				};
			};
			buildConfigurationList = 3643B9C82AA5E59200A46247 /* Build configuration list for PBXProject "SwiftUIExample" */;
			compatibilityVersion = "Xcode 14.0";
			developmentRegion = en;
			hasScannedForEncodings = 0;
			knownRegions = (
				en,
				Base,
			);
			mainGroup = 3643B9C42AA5E59200A46247;
			productRefGroup = 3643B9CE2AA5E59200A46247 /* Products */;
			projectDirPath = "";
			projectRoot = "";
			targets = (
				3643B9CC2AA5E59200A46247 /* SwiftUIExample */,
			);
		};
/* End PBXProject section */

/* Begin PBXResourcesBuildPhase section */
		3643B9CB2AA5E59200A46247 /* Resources */ = {
			isa = PBXResourcesBuildPhase;
			buildActionMask = 2147483647;
			files = (
				3643B9D82AA5E59400A46247 /* Preview Assets.xcassets in Resources */,
				3643B9D52AA5E59400A46247 /* Assets.xcassets in Resources */,
				3643B9E52AA5E89100A46247 /* landmarkData.json in Resources */,
			);
			runOnlyForDeploymentPostprocessing = 0;
		};
/* End PBXResourcesBuildPhase section */

/* Begin PBXSourcesBuildPhase section */
		3643B9C92AA5E59200A46247 /* Sources */ = {
			isa = PBXSourcesBuildPhase;
			buildActionMask = 2147483647;
			files = (
				3643B9D32AA5E59200A46247 /* ContentView.swift in Sources */,
				36C1E2B42AA7611500066B8D /* LoaderView.swift in Sources */,
				3643B9E22AA5E64500A46247 /* MapView.swift in Sources */,
				36C1E2862AA6331300066B8D /* LandmarkDetailView.swift in Sources */,
				363E1E9A2AAB4F9800B54352 /* BageSymbol.swift in Sources */,
				363E1E982AAB2CFC00B54352 /* BadgeBackgroundView.swift in Sources */,
				363E1E942AAB2B2200B54352 /* HexagonParams.swift in Sources */,
				363E1E9C2AAB513E00B54352 /* RotateBageView.swift in Sources */,
				36C1E2B02AA759C600066B8D /* FavoriteButton.swift in Sources */,
				363E1E9E2AAB51F300B54352 /* Badge.swift in Sources */,
				3643B9D12AA5E59200A46247 /* SwiftUIExampleApp.swift in Sources */,
				3643B9EE2AA618DE00A46247 /* LandmarkList.swift in Sources */,
				3643B9E02AA5E5CE00A46247 /* CircleImage.swift in Sources */,
				3643B9EC2AA6137C00A46247 /* LandmarkRowView.swift in Sources */,
				3643B9E82AA5E91C00A46247 /* Landmark.swift in Sources */,
				3643B9EA2AA60CE700A46247 /* ModelData.swift in Sources */,
			);
			runOnlyForDeploymentPostprocessing = 0;
		};
/* End PBXSourcesBuildPhase section */

/* Begin XCBuildConfiguration section */
		3643B9D92AA5E59400A46247 /* Debug */ = {
			isa = XCBuildConfiguration;
			buildSettings = {
				ALWAYS_SEARCH_USER_PATHS = NO;
				CLANG_ANALYZER_NONNULL = YES;
				CLANG_ANALYZER_NUMBER_OBJECT_CONVERSION = YES_AGGRESSIVE;
				CLANG_CXX_LANGUAGE_STANDARD = "gnu++20";
				CLANG_ENABLE_MODULES = YES;
				CLANG_ENABLE_OBJC_ARC = YES;
				CLANG_ENABLE_OBJC_WEAK = YES;
				CLANG_WARN_BLOCK_CAPTURE_AUTORELEASING = YES;
				CLANG_WARN_BOOL_CONVERSION = YES;
				CLANG_WARN_COMMA = YES;
				CLANG_WARN_CONSTANT_CONVERSION = YES;
				CLANG_WARN_DEPRECATED_OBJC_IMPLEMENTATIONS = YES;
				CLANG_WARN_DIRECT_OBJC_ISA_USAGE = YES_ERROR;
				CLANG_WARN_DOCUMENTATION_COMMENTS = YES;
				CLANG_WARN_EMPTY_BODY = YES;
				CLANG_WARN_ENUM_CONVERSION = YES;
				CLANG_WARN_INFINITE_RECURSION = YES;
				CLANG_WARN_INT_CONVERSION = YES;
				CLANG_WARN_NON_LITERAL_NULL_CONVERSION = YES;
				CLANG_WARN_OBJC_IMPLICIT_RETAIN_SELF = YES;
				CLANG_WARN_OBJC_LITERAL_CONVERSION = YES;
				CLANG_WARN_OBJC_ROOT_CLASS = YES_ERROR;
				CLANG_WARN_QUOTED_INCLUDE_IN_FRAMEWORK_HEADER = YES;
				CLANG_WARN_RANGE_LOOP_ANALYSIS = YES;
				CLANG_WARN_STRICT_PROTOTYPES = YES;
				CLANG_WARN_SUSPICIOUS_MOVE = YES;
				CLANG_WARN_UNGUARDED_AVAILABILITY = YES_AGGRESSIVE;
				CLANG_WARN_UNREACHABLE_CODE = YES;
				CLANG_WARN__DUPLICATE_METHOD_MATCH = YES;
				COPY_PHASE_STRIP = NO;
				DEBUG_INFORMATION_FORMAT = dwarf;
				ENABLE_STRICT_OBJC_MSGSEND = YES;
				ENABLE_TESTABILITY = YES;
				GCC_C_LANGUAGE_STANDARD = gnu11;
				GCC_DYNAMIC_NO_PIC = NO;
				GCC_NO_COMMON_BLOCKS = YES;
				GCC_OPTIMIZATION_LEVEL = 0;
				GCC_PREPROCESSOR_DEFINITIONS = (
					"DEBUG=1",
					"$(inherited)",
				);
				GCC_WARN_64_TO_32_BIT_CONVERSION = YES;
				GCC_WARN_ABOUT_RETURN_TYPE = YES_ERROR;
				GCC_WARN_UNDECLARED_SELECTOR = YES;
				GCC_WARN_UNINITIALIZED_AUTOS = YES_AGGRESSIVE;
				GCC_WARN_UNUSED_FUNCTION = YES;
				GCC_WARN_UNUSED_VARIABLE = YES;
				IPHONEOS_DEPLOYMENT_TARGET = 16.4;
				MTL_ENABLE_DEBUG_INFO = INCLUDE_SOURCE;
				MTL_FAST_MATH = YES;
				ONLY_ACTIVE_ARCH = YES;
				SDKROOT = iphoneos;
				SWIFT_ACTIVE_COMPILATION_CONDITIONS = DEBUG;
				SWIFT_OPTIMIZATION_LEVEL = "-Onone";
			};
			name = Debug;
		};
		3643B9DA2AA5E59400A46247 /* Release */ = {
			isa = XCBuildConfiguration;
			buildSettings = {
				ALWAYS_SEARCH_USER_PATHS = NO;
				CLANG_ANALYZER_NONNULL = YES;
				CLANG_ANALYZER_NUMBER_OBJECT_CONVERSION = YES_AGGRESSIVE;
				CLANG_CXX_LANGUAGE_STANDARD = "gnu++20";
				CLANG_ENABLE_MODULES = YES;
				CLANG_ENABLE_OBJC_ARC = YES;
				CLANG_ENABLE_OBJC_WEAK = YES;
				CLANG_WARN_BLOCK_CAPTURE_AUTORELEASING = YES;
				CLANG_WARN_BOOL_CONVERSION = YES;
				CLANG_WARN_COMMA = YES;
				CLANG_WARN_CONSTANT_CONVERSION = YES;
				CLANG_WARN_DEPRECATED_OBJC_IMPLEMENTATIONS = YES;
				CLANG_WARN_DIRECT_OBJC_ISA_USAGE = YES_ERROR;
				CLANG_WARN_DOCUMENTATION_COMMENTS = YES;
				CLANG_WARN_EMPTY_BODY = YES;
				CLANG_WARN_ENUM_CONVERSION = YES;
				CLANG_WARN_INFINITE_RECURSION = YES;
				CLANG_WARN_INT_CONVERSION = YES;
				CLANG_WARN_NON_LITERAL_NULL_CONVERSION = YES;
				CLANG_WARN_OBJC_IMPLICIT_RETAIN_SELF = YES;
				CLANG_WARN_OBJC_LITERAL_CONVERSION = YES;
				CLANG_WARN_OBJC_ROOT_CLASS = YES_ERROR;
				CLANG_WARN_QUOTED_INCLUDE_IN_FRAMEWORK_HEADER = YES;
				CLANG_WARN_RANGE_LOOP_ANALYSIS = YES;
				CLANG_WARN_STRICT_PROTOTYPES = YES;
				CLANG_WARN_SUSPICIOUS_MOVE = YES;
				CLANG_WARN_UNGUARDED_AVAILABILITY = YES_AGGRESSIVE;
				CLANG_WARN_UNREACHABLE_CODE = YES;
				CLANG_WARN__DUPLICATE_METHOD_MATCH = YES;
				COPY_PHASE_STRIP = NO;
				DEBUG_INFORMATION_FORMAT = "dwarf-with-dsym";
				ENABLE_NS_ASSERTIONS = NO;
				ENABLE_STRICT_OBJC_MSGSEND = YES;
				GCC_C_LANGUAGE_STANDARD = gnu11;
				GCC_NO_COMMON_BLOCKS = YES;
				GCC_WARN_64_TO_32_BIT_CONVERSION = YES;
				GCC_WARN_ABOUT_RETURN_TYPE = YES_ERROR;
				GCC_WARN_UNDECLARED_SELECTOR = YES;
				GCC_WARN_UNINITIALIZED_AUTOS = YES_AGGRESSIVE;
				GCC_WARN_UNUSED_FUNCTION = YES;
				GCC_WARN_UNUSED_VARIABLE = YES;
				IPHONEOS_DEPLOYMENT_TARGET = 16.4;
				MTL_ENABLE_DEBUG_INFO = NO;
				MTL_FAST_MATH = YES;
				SDKROOT = iphoneos;
				SWIFT_COMPILATION_MODE = wholemodule;
				SWIFT_OPTIMIZATION_LEVEL = "-O";
				VALIDATE_PRODUCT = YES;
			};
			name = Release;
		};
		3643B9DC2AA5E59400A46247 /* Debug */ = {
			isa = XCBuildConfiguration;
			buildSettings = {
				ASSETCATALOG_COMPILER_APPICON_NAME = AppIcon;
				ASSETCATALOG_COMPILER_GLOBAL_ACCENT_COLOR_NAME = AccentColor;
				CODE_SIGN_STYLE = Automatic;
				CURRENT_PROJECT_VERSION = 1;
				DEVELOPMENT_ASSET_PATHS = "\"SwiftUIExample/Preview Content\"";
				DEVELOPMENT_TEAM = 65D24US5AQ;
				ENABLE_PREVIEWS = YES;
				GENERATE_INFOPLIST_FILE = YES;
				INFOPLIST_KEY_UIApplicationSceneManifest_Generation = YES;
				INFOPLIST_KEY_UIApplicationSupportsIndirectInputEvents = YES;
				INFOPLIST_KEY_UILaunchScreen_Generation = YES;
				INFOPLIST_KEY_UISupportedInterfaceOrientations_iPad = "UIInterfaceOrientationPortrait UIInterfaceOrientationPortraitUpsideDown UIInterfaceOrientationLandscapeLeft UIInterfaceOrientationLandscapeRight";
				INFOPLIST_KEY_UISupportedInterfaceOrientations_iPhone = "UIInterfaceOrientationPortrait UIInterfaceOrientationLandscapeLeft UIInterfaceOrientationLandscapeRight";
				LD_RUNPATH_SEARCH_PATHS = (
					"$(inherited)",
					"@executable_path/Frameworks",
				);
				MARKETING_VERSION = 1.0;
				PRODUCT_BUNDLE_IDENTIFIER = combineExample.SwiftUIExample;
				PRODUCT_NAME = "$(TARGET_NAME)";
				SWIFT_EMIT_LOC_STRINGS = YES;
				SWIFT_VERSION = 5.0;
				TARGETED_DEVICE_FAMILY = "1,2";
			};
			name = Debug;
		};
		3643B9DD2AA5E59400A46247 /* Release */ = {
			isa = XCBuildConfiguration;
			buildSettings = {
				ASSETCATALOG_COMPILER_APPICON_NAME = AppIcon;
				ASSETCATALOG_COMPILER_GLOBAL_ACCENT_COLOR_NAME = AccentColor;
				CODE_SIGN_STYLE = Automatic;
				CURRENT_PROJECT_VERSION = 1;
				DEVELOPMENT_ASSET_PATHS = "\"SwiftUIExample/Preview Content\"";
				DEVELOPMENT_TEAM = 65D24US5AQ;
				ENABLE_PREVIEWS = YES;
				GENERATE_INFOPLIST_FILE = YES;
				INFOPLIST_KEY_UIApplicationSceneManifest_Generation = YES;
				INFOPLIST_KEY_UIApplicationSupportsIndirectInputEvents = YES;
				INFOPLIST_KEY_UILaunchScreen_Generation = YES;
				INFOPLIST_KEY_UISupportedInterfaceOrientations_iPad = "UIInterfaceOrientationPortrait UIInterfaceOrientationPortraitUpsideDown UIInterfaceOrientationLandscapeLeft UIInterfaceOrientationLandscapeRight";
				INFOPLIST_KEY_UISupportedInterfaceOrientations_iPhone = "UIInterfaceOrientationPortrait UIInterfaceOrientationLandscapeLeft UIInterfaceOrientationLandscapeRight";
				LD_RUNPATH_SEARCH_PATHS = (
					"$(inherited)",
					"@executable_path/Frameworks",
				);
				MARKETING_VERSION = 1.0;
				PRODUCT_BUNDLE_IDENTIFIER = combineExample.SwiftUIExample;
				PRODUCT_NAME = "$(TARGET_NAME)";
				SWIFT_EMIT_LOC_STRINGS = YES;
				SWIFT_VERSION = 5.0;
				TARGETED_DEVICE_FAMILY = "1,2";
			};
			name = Release;
		};
/* End XCBuildConfiguration section */

/* Begin XCConfigurationList section */
		3643B9C82AA5E59200A46247 /* Build configuration list for PBXProject "SwiftUIExample" */ = {
			isa = XCConfigurationList;
			buildConfigurations = (
				3643B9D92AA5E59400A46247 /* Debug */,
				3643B9DA2AA5E59400A46247 /* Release */,
			);
			defaultConfigurationIsVisible = 0;
			defaultConfigurationName = Release;
		};
		3643B9DB2AA5E59400A46247 /* Build configuration list for PBXNativeTarget "SwiftUIExample" */ = {
			isa = XCConfigurationList;
			buildConfigurations = (
				3643B9DC2AA5E59400A46247 /* Debug */,
				3643B9DD2AA5E59400A46247 /* Release */,
			);
			defaultConfigurationIsVisible = 0;
			defaultConfigurationName = Release;
		};
/* End XCConfigurationList section */
	};
	rootObject = 3643B9C52AA5E59200A46247 /* Project object */;
}
